
Microsoft Visual Studio Solution File, Format Version 12.00
# Visual Studio Version 17
VisualStudioVersion = 17.0.31903.59
MinimumVisualStudioVersion = 10.0.40219.1
Project("{FAE04EC0-301F-11D3-BF4B-00C04F79EFBC}") = "VContainerSourceGenerator", "VContainerSourceGenerator\VContainerSourceGenerator.csproj", "{A12B83EA-9813-4116-9DD3-D0FFA853465D}"
EndProject
Project("{FAE04EC0-301F-11D3-BF4B-00C04F79EFBC}") = "VContainerSourceGenerator.Tests", "VContainerSourceGenerator.Tests\VContainerSourceGenerator.Tests.csproj", "{378E763B-27A4-46FD-B2AB-5FDA07CC6444}"
EndProject
Global
	GlobalSection(SolutionConfigurationPlatforms) = preSolution
		Debug|Any CPU = Debug|Any CPU
		Release|Any CPU = Release|Any CPU
	EndGlobalSection
	GlobalSection(SolutionProperties) = preSolution
		HideSolutionNode = FALSE
	EndGlobalSection
	GlobalSection(ProjectConfigurationPlatforms) = postSolution
		{A12B83EA-9813-4116-9DD3-D0FFA853465D}.Debug|Any CPU.ActiveCfg = Debug|Any CPU
		{A12B83EA-9813-4116-9DD3-D0FFA853465D}.Debug|Any CPU.Build.0 = Debug|Any CPU
		{A12B83EA-9813-4116-9DD3-D0FFA853465D}.Release|Any CPU.ActiveCfg = Release|Any CPU
		{A12B83EA-9813-4116-9DD3-D0FFA853465D}.Release|Any CPU.Build.0 = Release|Any CPU
		{378E763B-27A4-46FD-B2AB-5FDA07CC6444}.Debug|Any CPU.ActiveCfg = Debug|Any CPU
		{378E763B-27A4-46FD-B2AB-5FDA07CC6444}.Debug|Any CPU.Build.0 = Debug|Any CPU
		{378E763B-27A4-46FD-B2AB-5FDA07CC6444}.Release|Any CPU.ActiveCfg = Debug|Any CPU
		{378E763B-27A4-46FD-B2AB-5FDA07CC6444}.Release|Any CPU.Build.0 = Debug|Any CPU
	EndGlobalSection
EndGlobal
